// !$*UTF8*$!
{
	archiveVersion = 1;
	classes = {
	};
	objectVersion = 52;
	objects = {

/* Begin PBXBuildFile section */
		F17430BE265CD5F300C01D45 /* AppDelegate.swift in Sources */ = {isa = PBXBuildFile; fileRef = F17430BD265CD5F300C01D45 /* AppDelegate.swift */; };
		F17430C0265CD5F300C01D45 /* SceneDelegate.swift in Sources */ = {isa = PBXBuildFile; fileRef = F17430BF265CD5F300C01D45 /* SceneDelegate.swift */; };
		F17430C2265CD5F300C01D45 /* ContentView.swift in Sources */ = {isa = PBXBuildFile; fileRef = F17430C1265CD5F300C01D45 /* ContentView.swift */; };
		F17430C4265CD5F400C01D45 /* Assets.xcassets in Resources */ = {isa = PBXBuildFile; fileRef = F17430C3265CD5F400C01D45 /* Assets.xcassets */; };
		F17430C7265CD5F400C01D45 /* Preview Assets.xcassets in Resources */ = {isa = PBXBuildFile; fileRef = F17430C6265CD5F400C01D45 /* Preview Assets.xcassets */; };
		F17430CA265CD5F400C01D45 /* LaunchScreen.storyboard in Resources */ = {isa = PBXBuildFile; fileRef = F17430C8265CD5F400C01D45 /* LaunchScreen.storyboard */; };
		F17430D5265CD5F400C01D45 /* NewsAppTests.swift in Sources */ = {isa = PBXBuildFile; fileRef = F17430D4265CD5F400C01D45 /* NewsAppTests.swift */; };
		F17430E0265CD5F400C01D45 /* NewsAppUITests.swift in Sources */ = {isa = PBXBuildFile; fileRef = F17430DF265CD5F400C01D45 /* NewsAppUITests.swift */; };
		F17430F2265CD65A00C01D45 /* SwiftyJSON in Frameworks */ = {isa = PBXBuildFile; productRef = F17430F1265CD65A00C01D45 /* SwiftyJSON */; };
		F17430F8265CD6B300C01D45 /* SDWebImageSwiftUI in Frameworks */ = {isa = PBXBuildFile; productRef = F17430F7265CD6B300C01D45 /* SDWebImageSwiftUI */; };
		F17430FD265E39D600C01D45 /* NetworkMonitor.swift in Sources */ = {isa = PBXBuildFile; fileRef = F17430FC265E39D600C01D45 /* NetworkMonitor.swift */; };
/* End PBXBuildFile section */

/* Begin PBXContainerItemProxy section */
		F17430D1265CD5F400C01D45 /* PBXContainerItemProxy */ = {
			isa = PBXContainerItemProxy;
			containerPortal = F17430B2265CD5F300C01D45 /* Project object */;
			proxyType = 1;
			remoteGlobalIDString = F17430B9265CD5F300C01D45;
			remoteInfo = NewsApp;
		};
		F17430DC265CD5F400C01D45 /* PBXContainerItemProxy */ = {
			isa = PBXContainerItemProxy;
			containerPortal = F17430B2265CD5F300C01D45 /* Project object */;
			proxyType = 1;
			remoteGlobalIDString = F17430B9265CD5F300C01D45;
			remoteInfo = NewsApp;
		};
/* End PBXContainerItemProxy section */

/* Begin PBXFileReference section */
		F17430BA265CD5F300C01D45 /* NewsApp.app */ = {isa = PBXFileReference; explicitFileType = wrapper.application; includeInIndex = 0; path = NewsApp.app; sourceTree = BUILT_PRODUCTS_DIR; };
		F17430BD265CD5F300C01D45 /* AppDelegate.swift */ = {isa = PBXFileReference; lastKnownFileType = sourcecode.swift; path = AppDelegate.swift; sourceTree = "<group>"; };
		F17430BF265CD5F300C01D45 /* SceneDelegate.swift */ = {isa = PBXFileReference; lastKnownFileType = sourcecode.swift; path = SceneDelegate.swift; sourceTree = "<group>"; };
		F17430C1265CD5F300C01D45 /* ContentView.swift */ = {isa = PBXFileReference; lastKnownFileType = sourcecode.swift; path = ContentView.swift; sourceTree = "<group>"; };
		F17430C3265CD5F400C01D45 /* Assets.xcassets */ = {isa = PBXFileReference; lastKnownFileType = folder.assetcatalog; path = Assets.xcassets; sourceTree = "<group>"; };
		F17430C6265CD5F400C01D45 /* Preview Assets.xcassets */ = {isa = PBXFileReference; lastKnownFileType = folder.assetcatalog; path = "Preview Assets.xcassets"; sourceTree = "<group>"; };
		F17430C9265CD5F400C01D45 /* Base */ = {isa = PBXFileReference; lastKnownFileType = file.storyboard; name = Base; path = Base.lproj/LaunchScreen.storyboard; sourceTree = "<group>"; };
		F17430CB265CD5F400C01D45 /* Info.plist */ = {isa = PBXFileReference; lastKnownFileType = text.plist.xml; path = Info.plist; sourceTree = "<group>"; };
		F17430D0265CD5F400C01D45 /* NewsAppTests.xctest */ = {isa = PBXFileReference; explicitFileType = wrapper.cfbundle; includeInIndex = 0; path = NewsAppTests.xctest; sourceTree = BUILT_PRODUCTS_DIR; };
		F17430D4265CD5F400C01D45 /* NewsAppTests.swift */ = {isa = PBXFileReference; lastKnownFileType = sourcecode.swift; path = NewsAppTests.swift; sourceTree = "<group>"; };
		F17430D6265CD5F400C01D45 /* Info.plist */ = {isa = PBXFileReference; lastKnownFileType = text.plist.xml; path = Info.plist; sourceTree = "<group>"; };
		F17430DB265CD5F400C01D45 /* NewsAppUITests.xctest */ = {isa = PBXFileReference; explicitFileType = wrapper.cfbundle; includeInIndex = 0; path = NewsAppUITests.xctest; sourceTree = BUILT_PRODUCTS_DIR; };
		F17430DF265CD5F400C01D45 /* NewsAppUITests.swift */ = {isa = PBXFileReference; lastKnownFileType = sourcecode.swift; path = NewsAppUITests.swift; sourceTree = "<group>"; };
		F17430E1265CD5F400C01D45 /* Info.plist */ = {isa = PBXFileReference; lastKnownFileType = text.plist.xml; path = Info.plist; sourceTree = "<group>"; };
		F17430FC265E39D600C01D45 /* NetworkMonitor.swift */ = {isa = PBXFileReference; lastKnownFileType = sourcecode.swift; path = NetworkMonitor.swift; sourceTree = "<group>"; };
/* End PBXFileReference section */

/* Begin PBXFrameworksBuildPhase section */
		F17430B7265CD5F300C01D45 /* Frameworks */ = {
			isa = PBXFrameworksBuildPhase;
			buildActionMask = 2147483647;
			files = (
				F17430F8265CD6B300C01D45 /* SDWebImageSwiftUI in Frameworks */,
				F17430F2265CD65A00C01D45 /* SwiftyJSON in Frameworks */,
			);
			runOnlyForDeploymentPostprocessing = 0;
		};
		F17430CD265CD5F400C01D45 /* Frameworks */ = {
			isa = PBXFrameworksBuildPhase;
			buildActionMask = 2147483647;
			files = (
			);
			runOnlyForDeploymentPostprocessing = 0;
		};
		F17430D8265CD5F400C01D45 /* Frameworks */ = {
			isa = PBXFrameworksBuildPhase;
			buildActionMask = 2147483647;
			files = (
			);
			runOnlyForDeploymentPostprocessing = 0;
		};
/* End PBXFrameworksBuildPhase section */

/* Begin PBXGroup section */
		F17430B1265CD5F300C01D45 = {
			isa = PBXGroup;
			children = (
				F17430BC265CD5F300C01D45 /* NewsApp */,
				F17430D3265CD5F400C01D45 /* NewsAppTests */,
				F17430DE265CD5F400C01D45 /* NewsAppUITests */,
				F17430BB265CD5F300C01D45 /* Products */,
			);
			sourceTree = "<group>";
		};
		F17430BB265CD5F300C01D45 /* Products */ = {
			isa = PBXGroup;
			children = (
				F17430BA265CD5F300C01D45 /* NewsApp.app */,
				F17430D0265CD5F400C01D45 /* NewsAppTests.xctest */,
				F17430DB265CD5F400C01D45 /* NewsAppUITests.xctest */,
			);
			name = Products;
			sourceTree = "<group>";
		};
		F17430BC265CD5F300C01D45 /* NewsApp */ = {
			isa = PBXGroup;
			children = (
				F17430BD265CD5F300C01D45 /* AppDelegate.swift */,
				F17430BF265CD5F300C01D45 /* SceneDelegate.swift */,
				F17430C1265CD5F300C01D45 /* ContentView.swift */,
				F17430C3265CD5F400C01D45 /* Assets.xcassets */,
				F17430C8265CD5F400C01D45 /* LaunchScreen.storyboard */,
				F17430CB265CD5F400C01D45 /* Info.plist */,
				F17430C5265CD5F400C01D45 /* Preview Content */,
				F17430FC265E39D600C01D45 /* NetworkMonitor.swift */,
			);
			path = NewsApp;
			sourceTree = "<group>";
		};
		F17430C5265CD5F400C01D45 /* Preview Content */ = {
			isa = PBXGroup;
			children = (
				F17430C6265CD5F400C01D45 /* Preview Assets.xcassets */,
			);
			path = "Preview Content";
			sourceTree = "<group>";
		};
		F17430D3265CD5F400C01D45 /* NewsAppTests */ = {
			isa = PBXGroup;
			children = (
				F17430D4265CD5F400C01D45 /* NewsAppTests.swift */,
				F17430D6265CD5F400C01D45 /* Info.plist */,
			);
			path = NewsAppTests;
			sourceTree = "<group>";
		};
		F17430DE265CD5F400C01D45 /* NewsAppUITests */ = {
			isa = PBXGroup;
			children = (
				F17430DF265CD5F400C01D45 /* NewsAppUITests.swift */,
				F17430E1265CD5F400C01D45 /* Info.plist */,
			);
			path = NewsAppUITests;
			sourceTree = "<group>";
		};
/* End PBXGroup section */

/* Begin PBXNativeTarget section */
		F17430B9265CD5F300C01D45 /* NewsApp */ = {
			isa = PBXNativeTarget;
			buildConfigurationList = F17430E4265CD5F400C01D45 /* Build configuration list for PBXNativeTarget "NewsApp" */;
			buildPhases = (
				F17430B6265CD5F300C01D45 /* Sources */,
				F17430B7265CD5F300C01D45 /* Frameworks */,
				F17430B8265CD5F300C01D45 /* Resources */,
			);
			buildRules = (
			);
			dependencies = (
			);
			name = NewsApp;
			packageProductDependencies = (
				F17430F1265CD65A00C01D45 /* SwiftyJSON */,
				F17430F7265CD6B300C01D45 /* SDWebImageSwiftUI */,
			);
			productName = NewsApp;
			productReference = F17430BA265CD5F300C01D45 /* NewsApp.app */;
			productType = "com.apple.product-type.application";
		};
		F17430CF265CD5F400C01D45 /* NewsAppTests */ = {
			isa = PBXNativeTarget;
			buildConfigurationList = F17430E7265CD5F400C01D45 /* Build configuration list for PBXNativeTarget "NewsAppTests" */;
			buildPhases = (
				F17430CC265CD5F400C01D45 /* Sources */,
				F17430CD265CD5F400C01D45 /* Frameworks */,
				F17430CE265CD5F400C01D45 /* Resources */,
			);
			buildRules = (
			);
			dependencies = (
				F17430D2265CD5F400C01D45 /* PBXTargetDependency */,
			);
			name = NewsAppTests;
			productName = NewsAppTests;
			productReference = F17430D0265CD5F400C01D45 /* NewsAppTests.xctest */;
			productType = "com.apple.product-type.bundle.unit-test";
		};
		F17430DA265CD5F400C01D45 /* NewsAppUITests */ = {
			isa = PBXNativeTarget;
			buildConfigurationList = F17430EA265CD5F400C01D45 /* Build configuration list for PBXNativeTarget "NewsAppUITests" */;
			buildPhases = (
				F17430D7265CD5F400C01D45 /* Sources */,
				F17430D8265CD5F400C01D45 /* Frameworks */,
				F17430D9265CD5F400C01D45 /* Resources */,
			);
			buildRules = (
			);
			dependencies = (
				F17430DD265CD5F400C01D45 /* PBXTargetDependency */,
			);
			name = NewsAppUITests;
			productName = NewsAppUITests;
			productReference = F17430DB265CD5F400C01D45 /* NewsAppUITests.xctest */;
			productType = "com.apple.product-type.bundle.ui-testing";
		};
/* End PBXNativeTarget section */

/* Begin PBXProject section */
		F17430B2265CD5F300C01D45 /* Project object */ = {
			isa = PBXProject;
			attributes = {
				LastSwiftUpdateCheck = 1240;
				LastUpgradeCheck = 1240;
				TargetAttributes = {
					F17430B9265CD5F300C01D45 = {
						CreatedOnToolsVersion = 12.4;
					};
					F17430CF265CD5F400C01D45 = {
						CreatedOnToolsVersion = 12.4;
						TestTargetID = F17430B9265CD5F300C01D45;
					};
					F17430DA265CD5F400C01D45 = {
						CreatedOnToolsVersion = 12.4;
						TestTargetID = F17430B9265CD5F300C01D45;
					};
				};
			};
			buildConfigurationList = F17430B5265CD5F300C01D45 /* Build configuration list for PBXProject "NewsApp" */;
			compatibilityVersion = "Xcode 9.3";
			developmentRegion = en;
			hasScannedForEncodings = 0;
			knownRegions = (
				en,
				Base,
			);
			mainGroup = F17430B1265CD5F300C01D45;
			packageReferences = (
				F17430F0265CD65A00C01D45 /* XCRemoteSwiftPackageReference "SwiftyJSON" */,
				F17430F6265CD6B300C01D45 /* XCRemoteSwiftPackageReference "SDWebImageSwiftUI" */,
			);
			productRefGroup = F17430BB265CD5F300C01D45 /* Products */;
			projectDirPath = "";
			projectRoot = "";
			targets = (
				F17430B9265CD5F300C01D45 /* NewsApp */,
				F17430CF265CD5F400C01D45 /* NewsAppTests */,
				F17430DA265CD5F400C01D45 /* NewsAppUITests */,
			);
		};
/* End PBXProject section */

/* Begin PBXResourcesBuildPhase section */
		F17430B8265CD5F300C01D45 /* Resources */ = {
			isa = PBXResourcesBuildPhase;
			buildActionMask = 2147483647;
			files = (
				F17430CA265CD5F400C01D45 /* LaunchScreen.storyboard in Resources */,
				F17430C7265CD5F400C01D45 /* Preview Assets.xcassets in Resources */,
				F17430C4265CD5F400C01D45 /* Assets.xcassets in Resources */,
			);
			runOnlyForDeploymentPostprocessing = 0;
		};
		F17430CE265CD5F400C01D45 /* Resources */ = {
			isa = PBXResourcesBuildPhase;
			buildActionMask = 2147483647;
			files = (
			);
			runOnlyForDeploymentPostprocessing = 0;
		};
		F17430D9265CD5F400C01D45 /* Resources */ = {
			isa = PBXResourcesBuildPhase;
			buildActionMask = 2147483647;
			files = (
			);
			runOnlyForDeploymentPostprocessing = 0;
		};
/* End PBXResourcesBuildPhase section */

/* Begin PBXSourcesBuildPhase section */
		F17430B6265CD5F300C01D45 /* Sources */ = {
			isa = PBXSourcesBuildPhase;
			buildActionMask = 2147483647;
			files = (
				F17430BE265CD5F300C01D45 /* AppDelegate.swift in Sources */,
				F17430FD265E39D600C01D45 /* NetworkMonitor.swift in Sources */,
				F17430C0265CD5F300C01D45 /* SceneDelegate.swift in Sources */,
				F17430C2265CD5F300C01D45 /* ContentView.swift in Sources */,
			);
			runOnlyForDeploymentPostprocessing = 0;
		};
		F17430CC265CD5F400C01D45 /* Sources */ = {
			isa = PBXSourcesBuildPhase;
			buildActionMask = 2147483647;
			files = (
				F17430D5265CD5F400C01D45 /* NewsAppTests.swift in Sources */,
			);
			runOnlyForDeploymentPostprocessing = 0;
		};
		F17430D7265CD5F400C01D45 /* Sources */ = {
			isa = PBXSourcesBuildPhase;
			buildActionMask = 2147483647;
			files = (
				F17430E0265CD5F400C01D45 /* NewsAppUITests.swift in Sources */,
			);
			runOnlyForDeploymentPostprocessing = 0;
		};
/* End PBXSourcesBuildPhase section */

/* Begin PBXTargetDependency section */
		F17430D2265CD5F400C01D45 /* PBXTargetDependency */ = {
			isa = PBXTargetDependency;
			target = F17430B9265CD5F300C01D45 /* NewsApp */;
			targetProxy = F17430D1265CD5F400C01D45 /* PBXContainerItemProxy */;
		};
		F17430DD265CD5F400C01D45 /* PBXTargetDependency */ = {
			isa = PBXTargetDependency;
			target = F17430B9265CD5F300C01D45 /* NewsApp */;
			targetProxy = F17430DC265CD5F400C01D45 /* PBXContainerItemProxy */;
		};
/* End PBXTargetDependency section */

/* Begin PBXVariantGroup section */
		F17430C8265CD5F400C01D45 /* LaunchScreen.storyboard */ = {
			isa = PBXVariantGroup;
			children = (
				F17430C9265CD5F400C01D45 /* Base */,
			);
			name = LaunchScreen.storyboard;
			sourceTree = "<group>";
		};
/* End PBXVariantGroup section */

/* Begin XCBuildConfiguration section */
		F17430E2265CD5F400C01D45 /* Debug */ = {
			isa = XCBuildConfiguration;
			buildSettings = {
				ALWAYS_SEARCH_USER_PATHS = NO;
				CLANG_ANALYZER_NONNULL = YES;
				CLANG_ANALYZER_NUMBER_OBJECT_CONVERSION = YES_AGGRESSIVE;
				CLANG_CXX_LANGUAGE_STANDARD = "gnu++14";
				CLANG_CXX_LIBRARY = "libc++";
				CLANG_ENABLE_MODULES = YES;
				CLANG_ENABLE_OBJC_ARC = YES;
				CLANG_ENABLE_OBJC_WEAK = YES;
				CLANG_WARN_BLOCK_CAPTURE_AUTORELEASING = YES;
				CLANG_WARN_BOOL_CONVERSION = YES;
				CLANG_WARN_COMMA = YES;
				CLANG_WARN_CONSTANT_CONVERSION = YES;
				CLANG_WARN_DEPRECATED_OBJC_IMPLEMENTATIONS = YES;
				CLANG_WARN_DIRECT_OBJC_ISA_USAGE = YES_ERROR;
				CLANG_WARN_DOCUMENTATION_COMMENTS = YES;
				CLANG_WARN_EMPTY_BODY = YES;
				CLANG_WARN_ENUM_CONVERSION = YES;
				CLANG_WARN_INFINITE_RECURSION = YES;
				CLANG_WARN_INT_CONVERSION = YES;
				CLANG_WARN_NON_LITERAL_NULL_CONVERSION = YES;
				CLANG_WARN_OBJC_IMPLICIT_RETAIN_SELF = YES;
				CLANG_WARN_OBJC_LITERAL_CONVERSION = YES;
				CLANG_WARN_OBJC_ROOT_CLASS = YES_ERROR;
				CLANG_WARN_QUOTED_INCLUDE_IN_FRAMEWORK_HEADER = YES;
				CLANG_WARN_RANGE_LOOP_ANALYSIS = YES;
				CLANG_WARN_STRICT_PROTOTYPES = YES;
				CLANG_WARN_SUSPICIOUS_MOVE = YES;
				CLANG_WARN_UNGUARDED_AVAILABILITY = YES_AGGRESSIVE;
				CLANG_WARN_UNREACHABLE_CODE = YES;
				CLANG_WARN__DUPLICATE_METHOD_MATCH = YES;
				COPY_PHASE_STRIP = NO;
				DEBUG_INFORMATION_FORMAT = dwarf;
				ENABLE_STRICT_OBJC_MSGSEND = YES;
				ENABLE_TESTABILITY = YES;
				GCC_C_LANGUAGE_STANDARD = gnu11;
				GCC_DYNAMIC_NO_PIC = NO;
				GCC_NO_COMMON_BLOCKS = YES;
				GCC_OPTIMIZATION_LEVEL = 0;
				GCC_PREPROCESSOR_DEFINITIONS = (
					"DEBUG=1",
					"$(inherited)",
				);
				GCC_WARN_64_TO_32_BIT_CONVERSION = YES;
				GCC_WARN_ABOUT_RETURN_TYPE = YES_ERROR;
				GCC_WARN_UNDECLARED_SELECTOR = YES;
				GCC_WARN_UNINITIALIZED_AUTOS = YES_AGGRESSIVE;
				GCC_WARN_UNUSED_FUNCTION = YES;
				GCC_WARN_UNUSED_VARIABLE = YES;
				IPHONEOS_DEPLOYMENT_TARGET = 14.4;
				MTL_ENABLE_DEBUG_INFO = INCLUDE_SOURCE;
				MTL_FAST_MATH = YES;
				ONLY_ACTIVE_ARCH = YES;
				SDKROOT = iphoneos;
				SWIFT_ACTIVE_COMPILATION_CONDITIONS = DEBUG;
				SWIFT_OPTIMIZATION_LEVEL = "-Onone";
			};
			name = Debug;
		};
		F17430E3265CD5F400C01D45 /* Release */ = {
			isa = XCBuildConfiguration;
			buildSettings = {
				ALWAYS_SEARCH_USER_PATHS = NO;
				CLANG_ANALYZER_NONNULL = YES;
				CLANG_ANALYZER_NUMBER_OBJECT_CONVERSION = YES_AGGRESSIVE;
				CLANG_CXX_LANGUAGE_STANDARD = "gnu++14";
				CLANG_CXX_LIBRARY = "libc++";
				CLANG_ENABLE_MODULES = YES;
				CLANG_ENABLE_OBJC_ARC = YES;
				CLANG_ENABLE_OBJC_WEAK = YES;
				CLANG_WARN_BLOCK_CAPTURE_AUTORELEASING = YES;
				CLANG_WARN_BOOL_CONVERSION = YES;
				CLANG_WARN_COMMA = YES;
				CLANG_WARN_CONSTANT_CONVERSION = YES;
				CLANG_WARN_DEPRECATED_OBJC_IMPLEMENTATIONS = YES;
				CLANG_WARN_DIRECT_OBJC_ISA_USAGE = YES_ERROR;
				CLANG_WARN_DOCUMENTATION_COMMENTS = YES;
				CLANG_WARN_EMPTY_BODY = YES;
				CLANG_WARN_ENUM_CONVERSION = YES;
				CLANG_WARN_INFINITE_RECURSION = YES;
				CLANG_WARN_INT_CONVERSION = YES;
				CLANG_WARN_NON_LITERAL_NULL_CONVERSION = YES;
				CLANG_WARN_OBJC_IMPLICIT_RETAIN_SELF = YES;
				CLANG_WARN_OBJC_LITERAL_CONVERSION = YES;
				CLANG_WARN_OBJC_ROOT_CLASS = YES_ERROR;
				CLANG_WARN_QUOTED_INCLUDE_IN_FRAMEWORK_HEADER = YES;
				CLANG_WARN_RANGE_LOOP_ANALYSIS = YES;
				CLANG_WARN_STRICT_PROTOTYPES = YES;
				CLANG_WARN_SUSPICIOUS_MOVE = YES;
				CLANG_WARN_UNGUARDED_AVAILABILITY = YES_AGGRESSIVE;
				CLANG_WARN_UNREACHABLE_CODE = YES;
				CLANG_WARN__DUPLICATE_METHOD_MATCH = YES;
				COPY_PHASE_STRIP = NO;
				DEBUG_INFORMATION_FORMAT = "dwarf-with-dsym";
				ENABLE_NS_ASSERTIONS = NO;
				ENABLE_STRICT_OBJC_MSGSEND = YES;
				GCC_C_LANGUAGE_STANDARD = gnu11;
				GCC_NO_COMMON_BLOCKS = YES;
				GCC_WARN_64_TO_32_BIT_CONVERSION = YES;
				GCC_WARN_ABOUT_RETURN_TYPE = YES_ERROR;
				GCC_WARN_UNDECLARED_SELECTOR = YES;
				GCC_WARN_UNINITIALIZED_AUTOS = YES_AGGRESSIVE;
				GCC_WARN_UNUSED_FUNCTION = YES;
				GCC_WARN_UNUSED_VARIABLE = YES;
				IPHONEOS_DEPLOYMENT_TARGET = 14.4;
				MTL_ENABLE_DEBUG_INFO = NO;
				MTL_FAST_MATH = YES;
				SDKROOT = iphoneos;
				SWIFT_COMPILATION_MODE = wholemodule;
				SWIFT_OPTIMIZATION_LEVEL = "-O";
				VALIDATE_PRODUCT = YES;
			};
			name = Release;
		};
		F17430E5265CD5F400C01D45 /* Debug */ = {
			isa = XCBuildConfiguration;
			buildSettings = {
				ASSETCATALOG_COMPILER_APPICON_NAME = AppIcon;
				ASSETCATALOG_COMPILER_GLOBAL_ACCENT_COLOR_NAME = AccentColor;
				CODE_SIGN_STYLE = Automatic;
				DEVELOPMENT_ASSET_PATHS = "\"NewsApp/Preview Content\"";
				DEVELOPMENT_TEAM = T2X38MTCVK;
				ENABLE_PREVIEWS = YES;
				INFOPLIST_FILE = NewsApp/Info.plist;
				LD_RUNPATH_SEARCH_PATHS = (
					"$(inherited)",
					"@executable_path/Frameworks",
				);
				PRODUCT_BUNDLE_IDENTIFIER = com.Sagar.NewsApp;
				PRODUCT_NAME = "$(TARGET_NAME)";
				SWIFT_VERSION = 5.0;
				TARGETED_DEVICE_FAMILY = "1,2";
			};
			name = Debug;
		};
		F17430E6265CD5F400C01D45 /* Release */ = {
			isa = XCBuildConfiguration;
			buildSettings = {
				ASSETCATALOG_COMPILER_APPICON_NAME = AppIcon;
				ASSETCATALOG_COMPILER_GLOBAL_ACCENT_COLOR_NAME = AccentColor;
				CODE_SIGN_STYLE = Automatic;
				DEVELOPMENT_ASSET_PATHS = "\"NewsApp/Preview Content\"";
				DEVELOPMENT_TEAM = T2X38MTCVK;
				ENABLE_PREVIEWS = YES;
				INFOPLIST_FILE = NewsApp/Info.plist;
				LD_RUNPATH_SEARCH_PATHS = (
					"$(inherited)",
					"@executable_path/Frameworks",
				);
				PRODUCT_BUNDLE_IDENTIFIER = com.Sagar.NewsApp;
				PRODUCT_NAME = "$(TARGET_NAME)";
				SWIFT_VERSION = 5.0;
				TARGETED_DEVICE_FAMILY = "1,2";
			};
			name = Release;
		};
		F17430E8265CD5F400C01D45 /* Debug */ = {
			isa = XCBuildConfiguration;
			buildSettings = {
				ALWAYS_EMBED_SWIFT_STANDARD_LIBRARIES = YES;
				BUNDLE_LOADER = "$(TEST_HOST)";
				CODE_SIGN_STYLE = Automatic;
				DEVELOPMENT_TEAM = T2X38MTCVK;
				INFOPLIST_FILE = NewsAppTests/Info.plist;
				IPHONEOS_DEPLOYMENT_TARGET = 14.4;
				LD_RUNPATH_SEARCH_PATHS = (
					"$(inherited)",
					"@executable_path/Frameworks",
					"@loader_path/Frameworks",
				);
				PRODUCT_BUNDLE_IDENTIFIER = com.Sagar.NewsAppTests;
				PRODUCT_NAME = "$(TARGET_NAME)";
				SWIFT_VERSION = 5.0;
				TARGETED_DEVICE_FAMILY = "1,2";
				TEST_HOST = "$(BUILT_PRODUCTS_DIR)/NewsApp.app/NewsApp";
			};
			name = Debug;
		};
		F17430E9265CD5F400C01D45 /* Release */ = {
			isa = XCBuildConfiguration;
			buildSettings = {
				ALWAYS_EMBED_SWIFT_STANDARD_LIBRARIES = YES;
				BUNDLE_LOADER = "$(TEST_HOST)";
				CODE_SIGN_STYLE = Automatic;
				DEVELOPMENT_TEAM = T2X38MTCVK;
				INFOPLIST_FILE = NewsAppTests/Info.plist;
				IPHONEOS_DEPLOYMENT_TARGET = 14.4;
				LD_RUNPATH_SEARCH_PATHS = (
					"$(inherited)",
					"@executable_path/Frameworks",
					"@loader_path/Frameworks",
				);
				PRODUCT_BUNDLE_IDENTIFIER = com.Sagar.NewsAppTests;
				PRODUCT_NAME = "$(TARGET_NAME)";
				SWIFT_VERSION = 5.0;
				TARGETED_DEVICE_FAMILY = "1,2";
				TEST_HOST = "$(BUILT_PRODUCTS_DIR)/NewsApp.app/NewsApp";
			};
			name = Release;
		};
		F17430EB265CD5F400C01D45 /* Debug */ = {
			isa = XCBuildConfiguration;
			buildSettings = {
				ALWAYS_EMBED_SWIFT_STANDARD_LIBRARIES = YES;
				CODE_SIGN_STYLE = Automatic;
				DEVELOPMENT_TEAM = T2X38MTCVK;
				INFOPLIST_FILE = NewsAppUITests/Info.plist;
				LD_RUNPATH_SEARCH_PATHS = (
					"$(inherited)",
					"@executable_path/Frameworks",
					"@loader_path/Frameworks",
				);
				PRODUCT_BUNDLE_IDENTIFIER = com.Sagar.NewsAppUITests;
				PRODUCT_NAME = "$(TARGET_NAME)";
				SWIFT_VERSION = 5.0;
				TARGETED_DEVICE_FAMILY = "1,2";
				TEST_TARGET_NAME = NewsApp;
			};
			name = Debug;
		};
		F17430EC265CD5F400C01D45 /* Release */ = {
			isa = XCBuildConfiguration;
			buildSettings = {
				ALWAYS_EMBED_SWIFT_STANDARD_LIBRARIES = YES;
				CODE_SIGN_STYLE = Automatic;
				DEVELOPMENT_TEAM = T2X38MTCVK;
				INFOPLIST_FILE = NewsAppUITests/Info.plist;
				LD_RUNPATH_SEARCH_PATHS = (
					"$(inherited)",
					"@executable_path/Frameworks",
					"@loader_path/Frameworks",
				);
				PRODUCT_BUNDLE_IDENTIFIER = com.Sagar.NewsAppUITests;
				PRODUCT_NAME = "$(TARGET_NAME)";
				SWIFT_VERSION = 5.0;
				TARGETED_DEVICE_FAMILY = "1,2";
				TEST_TARGET_NAME = NewsApp;
			};
			name = Release;
		};
/* End XCBuildConfiguration section */

/* Begin XCConfigurationList section */
		F17430B5265CD5F300C01D45 /* Build configuration list for PBXProject "NewsApp" */ = {
			isa = XCConfigurationList;
			buildConfigurations = (
				F17430E2265CD5F400C01D45 /* Debug */,
				F17430E3265CD5F400C01D45 /* Release */,
			);
			defaultConfigurationIsVisible = 0;
			defaultConfigurationName = Release;
		};
		F17430E4265CD5F400C01D45 /* Build configuration list for PBXNativeTarget "NewsApp" */ = {
			isa = XCConfigurationList;
			buildConfigurations = (
				F17430E5265CD5F400C01D45 /* Debug */,
				F17430E6265CD5F400C01D45 /* Release */,
			);
			defaultConfigurationIsVisible = 0;
			defaultConfigurationName = Release;
		};
		F17430E7265CD5F400C01D45 /* Build configuration list for PBXNativeTarget "NewsAppTests" */ = {
			isa = XCConfigurationList;
			buildConfigurations = (
				F17430E8265CD5F400C01D45 /* Debug */,
				F17430E9265CD5F400C01D45 /* Release */,
			);
			defaultConfigurationIsVisible = 0;
			defaultConfigurationName = Release;
		};
		F17430EA265CD5F400C01D45 /* Build configuration list for PBXNativeTarget "NewsAppUITests" */ = {
			isa = XCConfigurationList;
			buildConfigurations = (
				F17430EB265CD5F400C01D45 /* Debug */,
				F17430EC265CD5F400C01D45 /* Release */,
			);
			defaultConfigurationIsVisible = 0;
			defaultConfigurationName = Release;
		};
/* End XCConfigurationList section */

/* Begin XCRemoteSwiftPackageReference section */
		F17430F0265CD65A00C01D45 /* XCRemoteSwiftPackageReference "SwiftyJSON" */ = {
			isa = XCRemoteSwiftPackageReference;
			repositoryURL = "https://github.com/SwiftyJSON/SwiftyJSON.git";
			requirement = {
				kind = upToNextMajorVersion;
				minimumVersion = 5.0.1;
			};
		};
		F17430F6265CD6B300C01D45 /* XCRemoteSwiftPackageReference "SDWebImageSwiftUI" */ = {
			isa = XCRemoteSwiftPackageReference;
			repositoryURL = "https://github.com/SDWebImage/SDWebImageSwiftUI.git";
			requirement = {
				kind = upToNextMajorVersion;
				minimumVersion = 2.0.2;
			};
		};
/* End XCRemoteSwiftPackageReference section */

/* Begin XCSwiftPackageProductDependency section */
		F17430F1265CD65A00C01D45 /* SwiftyJSON */ = {
			isa = XCSwiftPackageProductDependency;
			package = F17430F0265CD65A00C01D45 /* XCRemoteSwiftPackageReference "SwiftyJSON" */;
			productName = SwiftyJSON;
		};
		F17430F7265CD6B300C01D45 /* SDWebImageSwiftUI */ = {
			isa = XCSwiftPackageProductDependency;
			package = F17430F6265CD6B300C01D45 /* XCRemoteSwiftPackageReference "SDWebImageSwiftUI" */;
			productName = SDWebImageSwiftUI;
		};
/* End XCSwiftPackageProductDependency section */
	};
	rootObject = F17430B2265CD5F300C01D45 /* Project object */;
}
